
Microsoft Visual Studio Solution File, Format Version 12.00
# Visual Studio Version 16
VisualStudioVersion = 16.0.30717.126
MinimumVisualStudioVersion = 10.0.40219.1
Project("{FAE04EC0-301F-11D3-BF4B-00C04F79EFBC}") = "CrossPlat", "CrossPlat.csproj", "{DA384956-E45D-40B4-B378-1A4BAD6CF60B}"
EndProject
Global
	GlobalSection(SolutionConfigurationPlatforms) = preSolution
		Debug|Any CPU = Debug|Any CPU
		Release|Any CPU = Release|Any CPU
	EndGlobalSection
	GlobalSection(ProjectConfigurationPlatforms) = postSolution
		{DA384956-E45D-40B4-B378-1A4BAD6CF60B}.Debug|Any CPU.ActiveCfg = Debug|Any CPU
		{DA384956-E45D-40B4-B378-1A4BAD6CF60B}.Debug|Any CPU.Build.0 = Debug|Any CPU
		{DA384956-E45D-40B4-B378-1A4BAD6CF60B}.Release|Any CPU.ActiveCfg = Release|Any CPU
		{DA384956-E45D-40B4-B378-1A4BAD6CF60B}.Release|Any CPU.Build.0 = Release|Any CPU
	EndGlobalSection
	GlobalSection(SolutionProperties) = preSolution
		HideSolutionNode = FALSE
	EndGlobalSection
	GlobalSection(ExtensibilityGlobals) = postSolution
		SolutionGuid = {6839954F-312E-4E47-A4C0-D0269E05B231}
	EndGlobalSection
EndGlobal
